
Microsoft Visual Studio Solution File, Format Version 12.00
# Visual Studio 2013
VisualStudioVersion = 12.0.40629.0
MinimumVisualStudioVersion = 10.0.40219.1
Project("{FAE04EC0-301F-11D3-BF4B-00C04F79EFBC}") = "GildedRoseWithGoldenMaster", "GildedRoseWithGoldenMaster\GildedRoseWithGoldenMaster.csproj", "{8F58F961-27D3-4212-A0B0-FD96538A7065}"
EndProject
Project("{FAE04EC0-301F-11D3-BF4B-00C04F79EFBC}") = "GildedRose.Tests", "GildedRose.Tests\GildedRose.Tests.csproj", "{D0F128A1-D027-4458-9390-F95F0918B57B}"
EndProject
Global
	GlobalSection(SolutionConfigurationPlatforms) = preSolution
		Debug|Any CPU = Debug|Any CPU
		Release|Any CPU = Release|Any CPU
	EndGlobalSection
	GlobalSection(ProjectConfigurationPlatforms) = postSolution
		{8F58F961-27D3-4212-A0B0-FD96538A7065}.Debug|Any CPU.ActiveCfg = Debug|Any CPU
		{8F58F961-27D3-4212-A0B0-FD96538A7065}.Debug|Any CPU.Build.0 = Debug|Any CPU
		{8F58F961-27D3-4212-A0B0-FD96538A7065}.Release|Any CPU.ActiveCfg = Release|Any CPU
		{8F58F961-27D3-4212-A0B0-FD96538A7065}.Release|Any CPU.Build.0 = Release|Any CPU
		{D0F128A1-D027-4458-9390-F95F0918B57B}.Debug|Any CPU.ActiveCfg = Debug|Any CPU
		{D0F128A1-D027-4458-9390-F95F0918B57B}.Debug|Any CPU.Build.0 = Debug|Any CPU
		{D0F128A1-D027-4458-9390-F95F0918B57B}.Release|Any CPU.ActiveCfg = Release|Any CPU
		{D0F128A1-D027-4458-9390-F95F0918B57B}.Release|Any CPU.Build.0 = Release|Any CPU
	EndGlobalSection
	GlobalSection(SolutionProperties) = preSolution
		HideSolutionNode = FALSE
	EndGlobalSection
EndGlobal
